
Microsoft Visual Studio Solution File, Format Version 12.00
# Visual Studio Version 16
VisualStudioVersion = 16.0.29613.14
MinimumVisualStudioVersion = 10.0.40219.1
Project("{FAE04EC0-301F-11D3-BF4B-00C04F79EFBC}") = "wikiService", "wikiService.csproj", "{40C512DB-683A-4B68-A937-BA65D0EC1846}"
EndProject
Project("{FAE04EC0-301F-11D3-BF4B-00C04F79EFBC}") = "WikiManageWeb", "..\WikiManageWeb\WikiManageWeb.csproj", "{1D022664-7DC0-4C88-B97A-ACA1E851B8AF}"
	ProjectSection(ProjectDependencies) = postProject
		{40C512DB-683A-4B68-A937-BA65D0EC1846} = {40C512DB-683A-4B68-A937-BA65D0EC1846}
	EndProjectSection
EndProject
Project("{FAE04EC0-301F-11D3-BF4B-00C04F79EFBC}") = "WebPartnerWIki", "..\WebPartnerWIki\WebPartnerWIki.csproj", "{85D16DDD-9EE1-4F63-82DA-002A75528DE8}"
EndProject
Global
	GlobalSection(SolutionConfigurationPlatforms) = preSolution
		Debug|Any CPU = Debug|Any CPU
		Release|Any CPU = Release|Any CPU
	EndGlobalSection
	GlobalSection(ProjectConfigurationPlatforms) = postSolution
		{40C512DB-683A-4B68-A937-BA65D0EC1846}.Debug|Any CPU.ActiveCfg = Debug|Any CPU
		{40C512DB-683A-4B68-A937-BA65D0EC1846}.Debug|Any CPU.Build.0 = Debug|Any CPU
		{40C512DB-683A-4B68-A937-BA65D0EC1846}.Release|Any CPU.ActiveCfg = Release|Any CPU
		{40C512DB-683A-4B68-A937-BA65D0EC1846}.Release|Any CPU.Build.0 = Release|Any CPU
		{1D022664-7DC0-4C88-B97A-ACA1E851B8AF}.Debug|Any CPU.ActiveCfg = Debug|Any CPU
		{1D022664-7DC0-4C88-B97A-ACA1E851B8AF}.Debug|Any CPU.Build.0 = Debug|Any CPU
		{1D022664-7DC0-4C88-B97A-ACA1E851B8AF}.Release|Any CPU.ActiveCfg = Release|Any CPU
		{1D022664-7DC0-4C88-B97A-ACA1E851B8AF}.Release|Any CPU.Build.0 = Release|Any CPU
		{85D16DDD-9EE1-4F63-82DA-002A75528DE8}.Debug|Any CPU.ActiveCfg = Debug|Any CPU
		{85D16DDD-9EE1-4F63-82DA-002A75528DE8}.Debug|Any CPU.Build.0 = Debug|Any CPU
		{85D16DDD-9EE1-4F63-82DA-002A75528DE8}.Release|Any CPU.ActiveCfg = Release|Any CPU
		{85D16DDD-9EE1-4F63-82DA-002A75528DE8}.Release|Any CPU.Build.0 = Release|Any CPU
	EndGlobalSection
	GlobalSection(SolutionProperties) = preSolution
		HideSolutionNode = FALSE
	EndGlobalSection
	GlobalSection(ExtensibilityGlobals) = postSolution
		SolutionGuid = {2EC06319-3F4B-46FA-9026-F84FA8CBBD56}
	EndGlobalSection
EndGlobal
